# This file was autogenerated by Stack.
# You should not edit this file by hand.
# For more information, please see the documentation at:
#   https://docs.haskellstack.org/en/stable/lock_files

packages:
- completed:
    hackage: aeson-options-0.0.0@sha256:612a45df02ae8d03ed07daf9a1491adae55ad3ebf32c475cb39c89dee4aae844,1094
    pantry-tree:
      size: 277
      sha256: 82aad2c4eb7f2472d13b1624ff7ffcf67d20c32b13f9d04a4f47bed789a6dc93
  original:
    hackage: aeson-options-0.0.0
- completed:
    hackage: beam-core-0.9.0.0@sha256:e5b1cb4d5b8a8a166f3373e8718672a3884feb9a5a133404b047b0af76538023,5282
    pantry-tree:
      size: 2704
      sha256: e54dabae556fcac9079587adcce1b2bb107c196688c476dabdd84ca86ad556af
  original:
    hackage: beam-core-0.9.0.0
- completed:
    hackage: beam-migrate-0.5.0.0@sha256:d3f7e333ec9e96122ccec6be0d38a88f766dfc248323be73fd0b3cee245ea421,4923
    pantry-tree:
      size: 1721
      sha256: 0aa2b84eef52bf8a7fc9906c2b2a1bc37d077456f232cdf445fc182ee888c20f
  original:
    hackage: beam-migrate-0.5.0.0
- completed:
    hackage: beam-postgres-0.5.0.0@sha256:3008f802b25fffaee2edf7f8f840a073ee630049031cda0b4ea7912b6656c813,4333
    pantry-tree:
      size: 1692
      sha256: 650c0241326528b9664756e7822edf61d972f30f21f42d4318c7e885aa86e38a
  original:
    hackage: beam-postgres-0.5.0.0
- completed:
    hackage: pretty-tree-0.1.0.0@sha256:49b0e17008f9d30328db2bcc2958f3a7b78d154d2335c2dbaa2073e237b524ae,668
    pantry-tree:
      size: 214
      sha256: 810d2e5cafbecd6d0d0af42b2522d9e55be0241a03a688cdde2cca10490e1b0a
  original:
    hackage: pretty-tree-0.1.0.0
- completed:
    hackage: teardown-0.5.0.1@sha256:b7a6812637f79d81632bb7adebc5ad9a96fffacf3e5f655d5bf21728bd3786f9,2868
    pantry-tree:
      size: 742
      sha256: 386c90aef420c528d67581e2108bacbb648b8ca6d1bbd447e5f3a306db4b236c
  original:
    hackage: teardown-0.5.0.1
- completed:
    hackage: servant-quickcheck-0.0.10.0@sha256:1d5849d703c2487752f8fc7391cca7c998ee24f54ca0bb72d238bf99b64ac667,3755
    pantry-tree:
      size: 976
      sha256: 37dab60111c71d011fc4964e9a8b4b05ac544bc0ba8155e895518680066c2adb
  original:
    hackage: servant-quickcheck-0.0.10.0
- completed:
    hackage: HList-0.5.0.0@sha256:7d7a0bee8d01a7e0e10bf96c5214a21bebae3ecfc02d14fc13bf75458b38ac43,7137
    pantry-tree:
      size: 5718
      sha256: 2881dd9fe6ee24dad62ecd68be6d98e834823d21b659f4ff0de87475e33371f1
  original:
    hackage: HList-0.5.0.0
- completed:
    hackage: union-0.1.2@sha256:9f0f143ba2cf168c795339e1187001e96427bdcf9fe9af14b34a4f1ca5b531d8,2130
    pantry-tree:
      size: 330
      sha256: f1bc092a50de9cb9555747e1d3d3b4e30f494904aa168cbcc9b38103af90eee2
  original:
    hackage: union-0.1.2
- completed:
    hackage: servant-mock-0.8.7@sha256:64cb3e52bbd51ab6cb25e3f412a99ea712c6c26f1efd117f01a8d1664df49c67,2306
    pantry-tree:
      size: 555
      sha256: b263e932ec6b151e52987054ec0a4cd692fa787f856c79e51498302eb0d6c388
  original:
    hackage: servant-mock-0.8.7
- completed:
    subdir: servant-util
    name: servant-util
    version: '0.2'
    git: https://github.com/serokell/servant-util.git
    pantry-tree:
      size: 4321
      sha256: d680c78c9d965210cfe080846823a6b90eb9a4628d199c8c4bd1187e593adb65
    commit: ee9b1aa75011554626ddbbb72e9125f617e688d9
  original:
    subdir: servant-util
    git: https://github.com/serokell/servant-util.git
    commit: ee9b1aa75011554626ddbbb72e9125f617e688d9
- completed:
    subdir: servant-util-beam-pg
    name: servant-util-beam-pg
    version: '0.2'
    git: https://github.com/serokell/servant-util.git
    pantry-tree:
      size: 785
      sha256: 5cff83e85081f3c3a9220168e0066e76313e86937e906e9502af2f79e28548d4
    commit: ee9b1aa75011554626ddbbb72e9125f617e688d9
  original:
    subdir: servant-util-beam-pg
    git: https://github.com/serokell/servant-util.git
    commit: ee9b1aa75011554626ddbbb72e9125f617e688d9
- completed:
    hackage: co-log-0.4.0.1@sha256:3d4c17f37693c80d1aa2c41669bc3438fac3e89dc5f479e57d79bc3ddc4dfcc5,5087
    pantry-tree:
      size: 1126
      sha256: e73165ff8f744709428e2e87984c9d60ca1cec43d8455c413181c7c466e7497c
  original:
    hackage: co-log-0.4.0.1
- completed:
    hackage: co-log-sys-0.1.1.0@sha256:b9f31bbf78b5bd510264b1fda2cff94877ad093c3cc231ee5b9acb62f313978a,2560
    pantry-tree:
      size: 657
      sha256: 50fa269833da292ab1b6817bb8664c3f76276a65ff9baa9f38d0e19da90b04e3
  original:
    hackage: co-log-sys-0.1.1.0
- completed:
    name: temporary
    version: 1.2.9
    git: https://github.com/serokell/temporary.git
    pantry-tree:
      size: 617
      sha256: 1a76420995f0ddb7fc06126e8e30836ed7366b67aad3fcc706048d4bf513baf1
    commit: 102ed4671dd78c5d271f09756681aac2a41b6717
  original:
    git: https://github.com/serokell/temporary.git
    commit: 102ed4671dd78c5d271f09756681aac2a41b6717
- completed:
    subdir: code/base
    name: loot-base
    version: 0.0.0.0
    git: https://github.com/flyingleafe/lootbox.git
    pantry-tree:
      size: 440
      sha256: 4ae169d3e9065b0753739b97520ccd070f08612dfdffe2831cd5e1fa738ac360
    commit: 5f54dbd865bb8a2dc55fd6237013dae904f78d2a
  original:
    subdir: code/base
    git: https://github.com/flyingleafe/lootbox.git
    commit: 5f54dbd865bb8a2dc55fd6237013dae904f78d2a
- completed:
    subdir: code/config
    name: loot-config
    version: 0.0.0.0
    git: https://github.com/flyingleafe/lootbox.git
    pantry-tree:
      size: 782
      sha256: 619a75fb2245da08f75d65d21502721884b9b2537e348d1fd617670b3c82bb13
    commit: 5f54dbd865bb8a2dc55fd6237013dae904f78d2a
  original:
    subdir: code/config
    git: https://github.com/flyingleafe/lootbox.git
    commit: 5f54dbd865bb8a2dc55fd6237013dae904f78d2a
- completed:
    subdir: code/log
    name: loot-log
    version: 0.0.0.0
    git: https://github.com/flyingleafe/lootbox.git
    pantry-tree:
      size: 1034
      sha256: ae26efc39adb2b420170b1afa0343ddd1538b87a05e753fbae22f7832b04d38a
    commit: 5f54dbd865bb8a2dc55fd6237013dae904f78d2a
  original:
    subdir: code/log
    git: https://github.com/flyingleafe/lootbox.git
    commit: 5f54dbd865bb8a2dc55fd6237013dae904f78d2a
- completed:
    subdir: code/network
    name: loot-network
    version: 0.0.0.0
    git: https://github.com/flyingleafe/lootbox.git
    pantry-tree:
      size: 1212
      sha256: 404f82ceaebc14cd248d9c82e7fb346205a840941cc19bc76b9c6869f2fae922
    commit: 5f54dbd865bb8a2dc55fd6237013dae904f78d2a
  original:
    subdir: code/network
    git: https://github.com/flyingleafe/lootbox.git
    commit: 5f54dbd865bb8a2dc55fd6237013dae904f78d2a
- completed:
    name: caps
    version: '0.1'
    git: https://github.com/int-index/caps
    pantry-tree:
      size: 438
      sha256: 93bc2daeca749b4b4e69cb96dd7267d2107a18e8bffc533c738c697d17f698b0
    commit: 37ab7699570002ff92529cf92c8ca01d5419bb7b
  original:
    git: https://github.com/int-index/caps
    commit: 37ab7699570002ff92529cf92c8ca01d5419bb7b
- completed:
    name: zeromq4-haskell
    version: 0.7.0
    git: https://github.com/serokell/zeromq-haskell
    pantry-tree:
      size: 1549
      sha256: 44af9e65599823ae012cd740e3d5f4874ddeba7f027edf16600be9971f07310d
    commit: 714ac20981b2d346609fd896a1af4d31eb6d1162
  original:
    git: https://github.com/serokell/zeromq-haskell
    commit: 714ac20981b2d346609fd896a1af4d31eb6d1162
snapshots:
- completed:
    size: 587819
    url: https://raw.githubusercontent.com/commercialhaskell/stackage-snapshots/master/lts/18/23.yaml
    sha256: 7f69bb29a57495586e7e3ed31ecc59c0d2c959cb23bd52b71ca676f254c9beb1
  original: lts-18.23
